// !$*UTF8*$!
{
	archiveVersion = 1;
	classes = {
	};
	objectVersion = 50;
	objects = {

/* Begin PBXBuildFile section */
		47C964A8B2362F61A726D5CF /* Pods_MapKitWithRay.framework in Frameworks */ = {isa = PBXBuildFile; fileRef = 25017F789647992C138DC547 /* Pods_MapKitWithRay.framework */; };
		8216130C20AF36CA006DAE28 /* SearchResultController.swift in Sources */ = {isa = PBXBuildFile; fileRef = 8216130B20AF36CA006DAE28 /* SearchResultController.swift */; };
		82259B6520B1450E002558B6 /* RestaurantInfo.swift in Sources */ = {isa = PBXBuildFile; fileRef = 82259B6420B1450E002558B6 /* RestaurantInfo.swift */; };
		8225D2E620A7868B0023B7C7 /* AppDelegate.swift in Sources */ = {isa = PBXBuildFile; fileRef = 8225D2E520A7868B0023B7C7 /* AppDelegate.swift */; };
		8225D2E820A7868C0023B7C7 /* ViewController.swift in Sources */ = {isa = PBXBuildFile; fileRef = 8225D2E720A7868C0023B7C7 /* ViewController.swift */; };
		8225D2EB20A7868C0023B7C7 /* Main.storyboard in Resources */ = {isa = PBXBuildFile; fileRef = 8225D2E920A7868C0023B7C7 /* Main.storyboard */; };
		8225D2ED20A7868D0023B7C7 /* Assets.xcassets in Resources */ = {isa = PBXBuildFile; fileRef = 8225D2EC20A7868D0023B7C7 /* Assets.xcassets */; };
		8225D2F020A7868D0023B7C7 /* LaunchScreen.storyboard in Resources */ = {isa = PBXBuildFile; fileRef = 8225D2EE20A7868D0023B7C7 /* LaunchScreen.storyboard */; };
		8225E54F20D9D46700FE1C5E /* FavoriteController.swift in Sources */ = {isa = PBXBuildFile; fileRef = 8225E54E20D9D46700FE1C5E /* FavoriteController.swift */; };
		8225E55220D9D97600FE1C5E /* CellXIB.swift in Sources */ = {isa = PBXBuildFile; fileRef = 8225E55020D9D97600FE1C5E /* CellXIB.swift */; };
		8225E55320D9D97600FE1C5E /* CellXIB.xib in Resources */ = {isa = PBXBuildFile; fileRef = 8225E55120D9D97600FE1C5E /* CellXIB.xib */; };
		8228CF0820B93199006A82EF /* General.swift in Sources */ = {isa = PBXBuildFile; fileRef = 8228CF0720B93199006A82EF /* General.swift */; };
		8237744F20B7DFAE00C9D0A3 /* Menu.swift in Sources */ = {isa = PBXBuildFile; fileRef = 8237744E20B7DFAE00C9D0A3 /* Menu.swift */; };
		82EF661220B3F85300730928 /* DetailVC.swift in Sources */ = {isa = PBXBuildFile; fileRef = 82EF661120B3F85300730928 /* DetailVC.swift */; };
/* End PBXBuildFile section */

/* Begin PBXFileReference section */
		25017F789647992C138DC547 /* Pods_MapKitWithRay.framework */ = {isa = PBXFileReference; explicitFileType = wrapper.framework; includeInIndex = 0; path = Pods_MapKitWithRay.framework; sourceTree = BUILT_PRODUCTS_DIR; };
		4854E5197586C2CCA3DFCD88 /* Pods-MapKitWithRay.debug.xcconfig */ = {isa = PBXFileReference; includeInIndex = 1; lastKnownFileType = text.xcconfig; name = "Pods-MapKitWithRay.debug.xcconfig"; path = "Pods/Target Support Files/Pods-MapKitWithRay/Pods-MapKitWithRay.debug.xcconfig"; sourceTree = "<group>"; };
		8216130B20AF36CA006DAE28 /* SearchResultController.swift */ = {isa = PBXFileReference; lastKnownFileType = sourcecode.swift; path = SearchResultController.swift; sourceTree = "<group>"; };
		82259B6420B1450E002558B6 /* RestaurantInfo.swift */ = {isa = PBXFileReference; lastKnownFileType = sourcecode.swift; path = RestaurantInfo.swift; sourceTree = "<group>"; };
		8225D2E220A7868B0023B7C7 /* MapKitWithRay.app */ = {isa = PBXFileReference; explicitFileType = wrapper.application; includeInIndex = 0; path = MapKitWithRay.app; sourceTree = BUILT_PRODUCTS_DIR; };
		8225D2E520A7868B0023B7C7 /* AppDelegate.swift */ = {isa = PBXFileReference; lastKnownFileType = sourcecode.swift; path = AppDelegate.swift; sourceTree = "<group>"; };
		8225D2E720A7868C0023B7C7 /* ViewController.swift */ = {isa = PBXFileReference; lastKnownFileType = sourcecode.swift; path = ViewController.swift; sourceTree = "<group>"; };
		8225D2EA20A7868C0023B7C7 /* Base */ = {isa = PBXFileReference; lastKnownFileType = file.storyboard; name = Base; path = Base.lproj/Main.storyboard; sourceTree = "<group>"; };
		8225D2EC20A7868D0023B7C7 /* Assets.xcassets */ = {isa = PBXFileReference; lastKnownFileType = folder.assetcatalog; path = Assets.xcassets; sourceTree = "<group>"; };
		8225D2EF20A7868D0023B7C7 /* Base */ = {isa = PBXFileReference; lastKnownFileType = file.storyboard; name = Base; path = Base.lproj/LaunchScreen.storyboard; sourceTree = "<group>"; };
		8225D2F120A7868D0023B7C7 /* Info.plist */ = {isa = PBXFileReference; lastKnownFileType = text.plist.xml; path = Info.plist; sourceTree = "<group>"; };
		8225E54E20D9D46700FE1C5E /* FavoriteController.swift */ = {isa = PBXFileReference; lastKnownFileType = sourcecode.swift; path = FavoriteController.swift; sourceTree = "<group>"; };
		8225E55020D9D97600FE1C5E /* CellXIB.swift */ = {isa = PBXFileReference; lastKnownFileType = sourcecode.swift; path = CellXIB.swift; sourceTree = "<group>"; };
		8225E55120D9D97600FE1C5E /* CellXIB.xib */ = {isa = PBXFileReference; lastKnownFileType = file.xib; path = CellXIB.xib; sourceTree = "<group>"; };
		8228CF0720B93199006A82EF /* General.swift */ = {isa = PBXFileReference; lastKnownFileType = sourcecode.swift; path = General.swift; sourceTree = "<group>"; };
		8237744E20B7DFAE00C9D0A3 /* Menu.swift */ = {isa = PBXFileReference; lastKnownFileType = sourcecode.swift; path = Menu.swift; sourceTree = "<group>"; };
		82EF661120B3F85300730928 /* DetailVC.swift */ = {isa = PBXFileReference; lastKnownFileType = sourcecode.swift; path = DetailVC.swift; sourceTree = "<group>"; };
		BC4ADECFC0D94146DB79BBB0 /* Pods-MapKitWithRay.release.xcconfig */ = {isa = PBXFileReference; includeInIndex = 1; lastKnownFileType = text.xcconfig; name = "Pods-MapKitWithRay.release.xcconfig"; path = "Pods/Target Support Files/Pods-MapKitWithRay/Pods-MapKitWithRay.release.xcconfig"; sourceTree = "<group>"; };
/* End PBXFileReference section */

/* Begin PBXFrameworksBuildPhase section */
		8225D2DF20A7868B0023B7C7 /* Frameworks */ = {
			isa = PBXFrameworksBuildPhase;
			buildActionMask = 2147483647;
			files = (
				47C964A8B2362F61A726D5CF /* Pods_MapKitWithRay.framework in Frameworks */,
			);
			runOnlyForDeploymentPostprocessing = 0;
		};
/* End PBXFrameworksBuildPhase section */

/* Begin PBXGroup section */
		0784EB4AD72948BAA79A2569 /* Pods */ = {
			isa = PBXGroup;
			children = (
				4854E5197586C2CCA3DFCD88 /* Pods-MapKitWithRay.debug.xcconfig */,
				BC4ADECFC0D94146DB79BBB0 /* Pods-MapKitWithRay.release.xcconfig */,
			);
			name = Pods;
			sourceTree = "<group>";
		};
		179D80A03DE00596E57996A0 /* Frameworks */ = {
			isa = PBXGroup;
			children = (
				25017F789647992C138DC547 /* Pods_MapKitWithRay.framework */,
			);
			name = Frameworks;
			sourceTree = "<group>";
		};
		82259B6120B1445E002558B6 /* Model */ = {
			isa = PBXGroup;
			children = (
				82259B6420B1450E002558B6 /* RestaurantInfo.swift */,
				8225E55020D9D97600FE1C5E /* CellXIB.swift */,
				8237744E20B7DFAE00C9D0A3 /* Menu.swift */,
				8228CF0720B93199006A82EF /* General.swift */,
			);
			path = Model;
			sourceTree = "<group>";
		};
		82259B6220B1446E002558B6 /* View */ = {
			isa = PBXGroup;
			children = (
				8225D2E920A7868C0023B7C7 /* Main.storyboard */,
				8225E55120D9D97600FE1C5E /* CellXIB.xib */,
			);
			path = View;
			sourceTree = "<group>";
		};
		82259B6320B1447B002558B6 /* Controller */ = {
			isa = PBXGroup;
			children = (
				8225D2E720A7868C0023B7C7 /* ViewController.swift */,
				8216130B20AF36CA006DAE28 /* SearchResultController.swift */,
				8225E54E20D9D46700FE1C5E /* FavoriteController.swift */,
				82EF661120B3F85300730928 /* DetailVC.swift */,
			);
			path = Controller;
			sourceTree = "<group>";
		};
		8225D2D920A7868B0023B7C7 = {
			isa = PBXGroup;
			children = (
				8225D2E420A7868B0023B7C7 /* MapKitWithRay */,
				8225D2E320A7868B0023B7C7 /* Products */,
				0784EB4AD72948BAA79A2569 /* Pods */,
				179D80A03DE00596E57996A0 /* Frameworks */,
			);
			sourceTree = "<group>";
		};
		8225D2E320A7868B0023B7C7 /* Products */ = {
			isa = PBXGroup;
			children = (
				8225D2E220A7868B0023B7C7 /* MapKitWithRay.app */,
			);
			name = Products;
			sourceTree = "<group>";
		};
		8225D2E420A7868B0023B7C7 /* MapKitWithRay */ = {
			isa = PBXGroup;
			children = (
				82259B6220B1446E002558B6 /* View */,
				82259B6120B1445E002558B6 /* Model */,
				82259B6320B1447B002558B6 /* Controller */,
				8225D2E520A7868B0023B7C7 /* AppDelegate.swift */,
				8225D2EC20A7868D0023B7C7 /* Assets.xcassets */,
				8225D2EE20A7868D0023B7C7 /* LaunchScreen.storyboard */,
				8225D2F120A7868D0023B7C7 /* Info.plist */,
			);
			path = MapKitWithRay;
			sourceTree = "<group>";
		};
/* End PBXGroup section */

/* Begin PBXNativeTarget section */
		8225D2E120A7868B0023B7C7 /* MapKitWithRay */ = {
			isa = PBXNativeTarget;
			buildConfigurationList = 8225D2F420A7868D0023B7C7 /* Build configuration list for PBXNativeTarget "MapKitWithRay" */;
			buildPhases = (
				CCB39FD48195BEEEC683D1C3 /* [CP] Check Pods Manifest.lock */,
				8225D2DE20A7868B0023B7C7 /* Sources */,
				8225D2DF20A7868B0023B7C7 /* Frameworks */,
				8225D2E020A7868B0023B7C7 /* Resources */,
				6EDF276397A9A156C1F53EC3 /* [CP] Embed Pods Frameworks */,
			);
			buildRules = (
			);
			dependencies = (
			);
			name = MapKitWithRay;
			productName = MapKitWithRay;
			productReference = 8225D2E220A7868B0023B7C7 /* MapKitWithRay.app */;
			productType = "com.apple.product-type.application";
		};
/* End PBXNativeTarget section */

/* Begin PBXProject section */
		8225D2DA20A7868B0023B7C7 /* Project object */ = {
			isa = PBXProject;
			attributes = {
				LastSwiftUpdateCheck = 0930;
				LastUpgradeCheck = 0930;
				ORGANIZATIONNAME = "Pankaj Sharma";
				TargetAttributes = {
					8225D2E120A7868B0023B7C7 = {
						CreatedOnToolsVersion = 9.3;
						LastSwiftMigration = 1000;
					};
				};
			};
			buildConfigurationList = 8225D2DD20A7868B0023B7C7 /* Build configuration list for PBXProject "MapKitWithRay" */;
			compatibilityVersion = "Xcode 9.3";
			developmentRegion = en;
			hasScannedForEncodings = 0;
			knownRegions = (
				en,
				Base,
			);
			mainGroup = 8225D2D920A7868B0023B7C7;
			productRefGroup = 8225D2E320A7868B0023B7C7 /* Products */;
			projectDirPath = "";
			projectRoot = "";
			targets = (
				8225D2E120A7868B0023B7C7 /* MapKitWithRay */,
			);
		};
/* End PBXProject section */

/* Begin PBXResourcesBuildPhase section */
		8225D2E020A7868B0023B7C7 /* Resources */ = {
			isa = PBXResourcesBuildPhase;
			buildActionMask = 2147483647;
			files = (
				8225D2F020A7868D0023B7C7 /* LaunchScreen.storyboard in Resources */,
				8225D2ED20A7868D0023B7C7 /* Assets.xcassets in Resources */,
				8225D2EB20A7868C0023B7C7 /* Main.storyboard in Resources */,
				8225E55320D9D97600FE1C5E /* CellXIB.xib in Resources */,
			);
			runOnlyForDeploymentPostprocessing = 0;
		};
/* End PBXResourcesBuildPhase section */

/* Begin PBXShellScriptBuildPhase section */
		6EDF276397A9A156C1F53EC3 /* [CP] Embed Pods Frameworks */ = {
			isa = PBXShellScriptBuildPhase;
			buildActionMask = 2147483647;
			files = (
			);
			inputPaths = (
				"${SRCROOT}/Pods/Target Support Files/Pods-MapKitWithRay/Pods-MapKitWithRay-frameworks.sh",
				"${BUILT_PRODUCTS_DIR}/Alamofire/Alamofire.framework",
				"${BUILT_PRODUCTS_DIR}/SwiftyJSON/SwiftyJSON.framework",
			);
			name = "[CP] Embed Pods Frameworks";
			outputPaths = (
				"${TARGET_BUILD_DIR}/${FRAMEWORKS_FOLDER_PATH}/Alamofire.framework",
				"${TARGET_BUILD_DIR}/${FRAMEWORKS_FOLDER_PATH}/SwiftyJSON.framework",
			);
			runOnlyForDeploymentPostprocessing = 0;
			shellPath = /bin/sh;
			shellScript = "\"${SRCROOT}/Pods/Target Support Files/Pods-MapKitWithRay/Pods-MapKitWithRay-frameworks.sh\"\n";
			showEnvVarsInLog = 0;
		};
		CCB39FD48195BEEEC683D1C3 /* [CP] Check Pods Manifest.lock */ = {
			isa = PBXShellScriptBuildPhase;
			buildActionMask = 2147483647;
			files = (
			);
			inputPaths = (
				"${PODS_PODFILE_DIR_PATH}/Podfile.lock",
				"${PODS_ROOT}/Manifest.lock",
			);
			name = "[CP] Check Pods Manifest.lock";
			outputPaths = (
				"$(DERIVED_FILE_DIR)/Pods-MapKitWithRay-checkManifestLockResult.txt",
			);
			runOnlyForDeploymentPostprocessing = 0;
			shellPath = /bin/sh;
			shellScript = "diff \"${PODS_PODFILE_DIR_PATH}/Podfile.lock\" \"${PODS_ROOT}/Manifest.lock\" > /dev/null\nif [ $? != 0 ] ; then\n    # print error to STDERR\n    echo \"error: The sandbox is not in sync with the Podfile.lock. Run 'pod install' or update your CocoaPods installation.\" >&2\n    exit 1\nfi\n# This output is used by Xcode 'outputs' to avoid re-running this script phase.\necho \"SUCCESS\" > \"${SCRIPT_OUTPUT_FILE_0}\"\n";
			showEnvVarsInLog = 0;
		};
/* End PBXShellScriptBuildPhase section */

/* Begin PBXSourcesBuildPhase section */
		8225D2DE20A7868B0023B7C7 /* Sources */ = {
			isa = PBXSourcesBuildPhase;
			buildActionMask = 2147483647;
			files = (
				8228CF0820B93199006A82EF /* General.swift in Sources */,
				82259B6520B1450E002558B6 /* RestaurantInfo.swift in Sources */,
				8237744F20B7DFAE00C9D0A3 /* Menu.swift in Sources */,
				8225E54F20D9D46700FE1C5E /* FavoriteController.swift in Sources */,
				8216130C20AF36CA006DAE28 /* SearchResultController.swift in Sources */,
				8225D2E820A7868C0023B7C7 /* ViewController.swift in Sources */,
				8225E55220D9D97600FE1C5E /* CellXIB.swift in Sources */,
				8225D2E620A7868B0023B7C7 /* AppDelegate.swift in Sources */,
				82EF661220B3F85300730928 /* DetailVC.swift in Sources */,
			);
			runOnlyForDeploymentPostprocessing = 0;
		};
/* End PBXSourcesBuildPhase section */

/* Begin PBXVariantGroup section */
		8225D2E920A7868C0023B7C7 /* Main.storyboard */ = {
			isa = PBXVariantGroup;
			children = (
				8225D2EA20A7868C0023B7C7 /* Base */,
			);
			name = Main.storyboard;
			sourceTree = "<group>";
		};
		8225D2EE20A7868D0023B7C7 /* LaunchScreen.storyboard */ = {
			isa = PBXVariantGroup;
			children = (
				8225D2EF20A7868D0023B7C7 /* Base */,
			);
			name = LaunchScreen.storyboard;
			sourceTree = "<group>";
		};
/* End PBXVariantGroup section */

/* Begin XCBuildConfiguration section */
		8225D2F220A7868D0023B7C7 /* Debug */ = {
			isa = XCBuildConfiguration;
			buildSettings = {
				ALWAYS_SEARCH_USER_PATHS = NO;
				CLANG_ANALYZER_NONNULL = YES;
				CLANG_ANALYZER_NUMBER_OBJECT_CONVERSION = YES_AGGRESSIVE;
				CLANG_CXX_LANGUAGE_STANDARD = "gnu++14";
				CLANG_CXX_LIBRARY = "libc++";
				CLANG_ENABLE_MODULES = YES;
				CLANG_ENABLE_OBJC_ARC = YES;
				CLANG_ENABLE_OBJC_WEAK = YES;
				CLANG_WARN_BLOCK_CAPTURE_AUTORELEASING = YES;
				CLANG_WARN_BOOL_CONVERSION = YES;
				CLANG_WARN_COMMA = YES;
				CLANG_WARN_CONSTANT_CONVERSION = YES;
				CLANG_WARN_DEPRECATED_OBJC_IMPLEMENTATIONS = YES;
				CLANG_WARN_DIRECT_OBJC_ISA_USAGE = YES_ERROR;
				CLANG_WARN_DOCUMENTATION_COMMENTS = YES;
				CLANG_WARN_EMPTY_BODY = YES;
				CLANG_WARN_ENUM_CONVERSION = YES;
				CLANG_WARN_INFINITE_RECURSION = YES;
				CLANG_WARN_INT_CONVERSION = YES;
				CLANG_WARN_NON_LITERAL_NULL_CONVERSION = YES;
				CLANG_WARN_OBJC_IMPLICIT_RETAIN_SELF = YES;
				CLANG_WARN_OBJC_LITERAL_CONVERSION = YES;
				CLANG_WARN_OBJC_ROOT_CLASS = YES_ERROR;
				CLANG_WARN_RANGE_LOOP_ANALYSIS = YES;
				CLANG_WARN_STRICT_PROTOTYPES = YES;
				CLANG_WARN_SUSPICIOUS_MOVE = YES;
				CLANG_WARN_UNGUARDED_AVAILABILITY = YES_AGGRESSIVE;
				CLANG_WARN_UNREACHABLE_CODE = YES;
				CLANG_WARN__DUPLICATE_METHOD_MATCH = YES;
				CODE_SIGN_IDENTITY = "iPhone Developer";
				COPY_PHASE_STRIP = NO;
				DEBUG_INFORMATION_FORMAT = dwarf;
				ENABLE_STRICT_OBJC_MSGSEND = YES;
				ENABLE_TESTABILITY = YES;
				GCC_C_LANGUAGE_STANDARD = gnu11;
				GCC_DYNAMIC_NO_PIC = NO;
				GCC_NO_COMMON_BLOCKS = YES;
				GCC_OPTIMIZATION_LEVEL = 0;
				GCC_PREPROCESSOR_DEFINITIONS = (
					"DEBUG=1",
					"$(inherited)",
				);
				GCC_WARN_64_TO_32_BIT_CONVERSION = YES;
				GCC_WARN_ABOUT_RETURN_TYPE = YES_ERROR;
				GCC_WARN_UNDECLARED_SELECTOR = YES;
				GCC_WARN_UNINITIALIZED_AUTOS = YES_AGGRESSIVE;
				GCC_WARN_UNUSED_FUNCTION = YES;
				GCC_WARN_UNUSED_VARIABLE = YES;
				IPHONEOS_DEPLOYMENT_TARGET = 11.3;
				MTL_ENABLE_DEBUG_INFO = YES;
				ONLY_ACTIVE_ARCH = YES;
				SDKROOT = iphoneos;
				SWIFT_ACTIVE_COMPILATION_CONDITIONS = DEBUG;
				SWIFT_OPTIMIZATION_LEVEL = "-Onone";
			};
			name = Debug;
		};
		8225D2F320A7868D0023B7C7 /* Release */ = {
			isa = XCBuildConfiguration;
			buildSettings = {
				ALWAYS_SEARCH_USER_PATHS = NO;
				CLANG_ANALYZER_NONNULL = YES;
				CLANG_ANALYZER_NUMBER_OBJECT_CONVERSION = YES_AGGRESSIVE;
				CLANG_CXX_LANGUAGE_STANDARD = "gnu++14";
				CLANG_CXX_LIBRARY = "libc++";
				CLANG_ENABLE_MODULES = YES;
				CLANG_ENABLE_OBJC_ARC = YES;
				CLANG_ENABLE_OBJC_WEAK = YES;
				CLANG_WARN_BLOCK_CAPTURE_AUTORELEASING = YES;
				CLANG_WARN_BOOL_CONVERSION = YES;
				CLANG_WARN_COMMA = YES;
				CLANG_WARN_CONSTANT_CONVERSION = YES;
				CLANG_WARN_DEPRECATED_OBJC_IMPLEMENTATIONS = YES;
				CLANG_WARN_DIRECT_OBJC_ISA_USAGE = YES_ERROR;
				CLANG_WARN_DOCUMENTATION_COMMENTS = YES;
				CLANG_WARN_EMPTY_BODY = YES;
				CLANG_WARN_ENUM_CONVERSION = YES;
				CLANG_WARN_INFINITE_RECURSION = YES;
				CLANG_WARN_INT_CONVERSION = YES;
				CLANG_WARN_NON_LITERAL_NULL_CONVERSION = YES;
				CLANG_WARN_OBJC_IMPLICIT_RETAIN_SELF = YES;
				CLANG_WARN_OBJC_LITERAL_CONVERSION = YES;
				CLANG_WARN_OBJC_ROOT_CLASS = YES_ERROR;
				CLANG_WARN_RANGE_LOOP_ANALYSIS = YES;
				CLANG_WARN_STRICT_PROTOTYPES = YES;
				CLANG_WARN_SUSPICIOUS_MOVE = YES;
				CLANG_WARN_UNGUARDED_AVAILABILITY = YES_AGGRESSIVE;
				CLANG_WARN_UNREACHABLE_CODE = YES;
				CLANG_WARN__DUPLICATE_METHOD_MATCH = YES;
				CODE_SIGN_IDENTITY = "iPhone Developer";
				COPY_PHASE_STRIP = NO;
				DEBUG_INFORMATION_FORMAT = "dwarf-with-dsym";
				ENABLE_NS_ASSERTIONS = NO;
				ENABLE_STRICT_OBJC_MSGSEND = YES;
				GCC_C_LANGUAGE_STANDARD = gnu11;
				GCC_NO_COMMON_BLOCKS = YES;
				GCC_WARN_64_TO_32_BIT_CONVERSION = YES;
				GCC_WARN_ABOUT_RETURN_TYPE = YES_ERROR;
				GCC_WARN_UNDECLARED_SELECTOR = YES;
				GCC_WARN_UNINITIALIZED_AUTOS = YES_AGGRESSIVE;
				GCC_WARN_UNUSED_FUNCTION = YES;
				GCC_WARN_UNUSED_VARIABLE = YES;
				IPHONEOS_DEPLOYMENT_TARGET = 11.3;
				MTL_ENABLE_DEBUG_INFO = NO;
				SDKROOT = iphoneos;
				SWIFT_COMPILATION_MODE = wholemodule;
				SWIFT_OPTIMIZATION_LEVEL = "-O";
				VALIDATE_PRODUCT = YES;
			};
			name = Release;
		};
		8225D2F520A7868D0023B7C7 /* Debug */ = {
			isa = XCBuildConfiguration;
			baseConfigurationReference = 4854E5197586C2CCA3DFCD88 /* Pods-MapKitWithRay.debug.xcconfig */;
			buildSettings = {
				ASSETCATALOG_COMPILER_APPICON_NAME = AppIcon;
				CODE_SIGN_STYLE = Automatic;
				DEVELOPMENT_TEAM = 4QA6MH6558;
				INFOPLIST_FILE = MapKitWithRay/Info.plist;
				IPHONEOS_DEPLOYMENT_TARGET = 11.3;
				LD_RUNPATH_SEARCH_PATHS = (
					"$(inherited)",
					"@executable_path/Frameworks",
				);
				PRODUCT_BUNDLE_IDENTIFIER = "Pankaj-Sharma.MapKitWithRay";
				PRODUCT_NAME = "$(TARGET_NAME)";
				SWIFT_VERSION = 4.2;
				TARGETED_DEVICE_FAMILY = "1,2";
			};
			name = Debug;
		};
		8225D2F620A7868D0023B7C7 /* Release */ = {
			isa = XCBuildConfiguration;
			baseConfigurationReference = BC4ADECFC0D94146DB79BBB0 /* Pods-MapKitWithRay.release.xcconfig */;
			buildSettings = {
				ASSETCATALOG_COMPILER_APPICON_NAME = AppIcon;
				CODE_SIGN_STYLE = Automatic;
				DEVELOPMENT_TEAM = 4QA6MH6558;
				INFOPLIST_FILE = MapKitWithRay/Info.plist;
				IPHONEOS_DEPLOYMENT_TARGET = 11.3;
				LD_RUNPATH_SEARCH_PATHS = (
					"$(inherited)",
					"@executable_path/Frameworks",
				);
				PRODUCT_BUNDLE_IDENTIFIER = "Pankaj-Sharma.MapKitWithRay";
				PRODUCT_NAME = "$(TARGET_NAME)";
				SWIFT_VERSION = 4.2;
				TARGETED_DEVICE_FAMILY = "1,2";
			};
			name = Release;
		};
/* End XCBuildConfiguration section */

/* Begin XCConfigurationList section */
		8225D2DD20A7868B0023B7C7 /* Build configuration list for PBXProject "MapKitWithRay" */ = {
			isa = XCConfigurationList;
			buildConfigurations = (
				8225D2F220A7868D0023B7C7 /* Debug */,
				8225D2F320A7868D0023B7C7 /* Release */,
			);
			defaultConfigurationIsVisible = 0;
			defaultConfigurationName = Release;
		};
		8225D2F420A7868D0023B7C7 /* Build configuration list for PBXNativeTarget "MapKitWithRay" */ = {
			isa = XCConfigurationList;
			buildConfigurations = (
				8225D2F520A7868D0023B7C7 /* Debug */,
				8225D2F620A7868D0023B7C7 /* Release */,
			);
			defaultConfigurationIsVisible = 0;
			defaultConfigurationName = Release;
		};
/* End XCConfigurationList section */
	};
	rootObject = 8225D2DA20A7868B0023B7C7 /* Project object */;
}
